
Microsoft Visual Studio Solution File, Format Version 12.00
# Visual Studio 15
VisualStudioVersion = 15.0.28307.1300
MinimumVisualStudioVersion = 10.0.40219.1
Project("{FAE04EC0-301F-11D3-BF4B-00C04F79EFBC}") = "HyparRevitCurtainWallConverter", "HyparRevitCurtainWallConverter\HyparRevitCurtainWallConverter.csproj", "{69D5C7A8-3CCA-4367-80CB-3C6674D379F6}"
EndProject
Global
	GlobalSection(SolutionConfigurationPlatforms) = preSolution
		Debug|Any CPU = Debug|Any CPU
		Release|Any CPU = Release|Any CPU
	EndGlobalSection
	GlobalSection(ProjectConfigurationPlatforms) = postSolution
		{69D5C7A8-3CCA-4367-80CB-3C6674D379F6}.Debug|Any CPU.ActiveCfg = Debug|Any CPU
		{69D5C7A8-3CCA-4367-80CB-3C6674D379F6}.Debug|Any CPU.Build.0 = Debug|Any CPU
		{69D5C7A8-3CCA-4367-80CB-3C6674D379F6}.Release|Any CPU.ActiveCfg = Release|Any CPU
		{69D5C7A8-3CCA-4367-80CB-3C6674D379F6}.Release|Any CPU.Build.0 = Release|Any CPU
	EndGlobalSection
	GlobalSection(SolutionProperties) = preSolution
		HideSolutionNode = FALSE
	EndGlobalSection
	GlobalSection(ExtensibilityGlobals) = postSolution
		SolutionGuid = {0AA0DFC4-F915-44C8-A14F-92420D474A0B}
	EndGlobalSection
EndGlobal
